
Microsoft Visual Studio Solution File, Format Version 12.00
# Visual Studio 15
VisualStudioVersion = 15.0.27428.2027
MinimumVisualStudioVersion = 10.0.40219.1
Project("{9A19103F-16F7-4668-BE54-9A1E7A4F7556}") = "Notes", "Notes\Notes.csproj", "{5A7EE0CC-5F66-4BE1-9327-446A026574FE}"
EndProject
Project("{9A19103F-16F7-4668-BE54-9A1E7A4F7556}") = "Notes.Model", "Notes.Model\Notes.Model.csproj", "{98763087-692B-42E5-BB83-A54C78A23F4B}"
EndProject
Project("{9A19103F-16F7-4668-BE54-9A1E7A4F7556}") = "Notes.DAL", "Notes.DAL\Notes.DAL.csproj", "{8637BA41-2974-46AF-A31B-C583A7887AC9}"
EndProject
Project("{9A19103F-16F7-4668-BE54-9A1E7A4F7556}") = "Notes.Common", "Notes.Common\Notes.Common.csproj", "{798C2833-E177-4375-946A-14F4F5F83330}"
EndProject
Project("{FAE04EC0-301F-11D3-BF4B-00C04F79EFBC}") = "Notes.Domain", "Notes.Domain\Notes.Domain.csproj", "{F7E84C2D-1E2B-4C07-ADA1-C02FDCF3CAC3}"
EndProject
Global
	GlobalSection(SolutionConfigurationPlatforms) = preSolution
		Debug|x64 = Debug|x64
		Release|x64 = Release|x64
	EndGlobalSection
	GlobalSection(ProjectConfigurationPlatforms) = postSolution
		{5A7EE0CC-5F66-4BE1-9327-446A026574FE}.Debug|x64.ActiveCfg = Debug|x64
		{5A7EE0CC-5F66-4BE1-9327-446A026574FE}.Debug|x64.Build.0 = Debug|x64
		{5A7EE0CC-5F66-4BE1-9327-446A026574FE}.Release|x64.ActiveCfg = Release|x64
		{5A7EE0CC-5F66-4BE1-9327-446A026574FE}.Release|x64.Build.0 = Release|x64
		{98763087-692B-42E5-BB83-A54C78A23F4B}.Debug|x64.ActiveCfg = Debug|x64
		{98763087-692B-42E5-BB83-A54C78A23F4B}.Debug|x64.Build.0 = Debug|x64
		{98763087-692B-42E5-BB83-A54C78A23F4B}.Release|x64.ActiveCfg = Release|x64
		{98763087-692B-42E5-BB83-A54C78A23F4B}.Release|x64.Build.0 = Release|x64
		{8637BA41-2974-46AF-A31B-C583A7887AC9}.Debug|x64.ActiveCfg = Debug|x64
		{8637BA41-2974-46AF-A31B-C583A7887AC9}.Debug|x64.Build.0 = Debug|x64
		{8637BA41-2974-46AF-A31B-C583A7887AC9}.Release|x64.ActiveCfg = Release|x64
		{8637BA41-2974-46AF-A31B-C583A7887AC9}.Release|x64.Build.0 = Release|x64
		{798C2833-E177-4375-946A-14F4F5F83330}.Debug|x64.ActiveCfg = Debug|x64
		{798C2833-E177-4375-946A-14F4F5F83330}.Debug|x64.Build.0 = Debug|x64
		{798C2833-E177-4375-946A-14F4F5F83330}.Release|x64.ActiveCfg = Release|x64
		{798C2833-E177-4375-946A-14F4F5F83330}.Release|x64.Build.0 = Release|x64
		{F7E84C2D-1E2B-4C07-ADA1-C02FDCF3CAC3}.Debug|x64.ActiveCfg = Debug|x64
		{F7E84C2D-1E2B-4C07-ADA1-C02FDCF3CAC3}.Debug|x64.Build.0 = Debug|x64
		{F7E84C2D-1E2B-4C07-ADA1-C02FDCF3CAC3}.Release|x64.ActiveCfg = Release|x64
		{F7E84C2D-1E2B-4C07-ADA1-C02FDCF3CAC3}.Release|x64.Build.0 = Release|x64
	EndGlobalSection
	GlobalSection(SolutionProperties) = preSolution
		HideSolutionNode = FALSE
	EndGlobalSection
	GlobalSection(ExtensibilityGlobals) = postSolution
		SolutionGuid = {BC5CCD94-B231-4AF8-8117-8C3161B5F08B}
	EndGlobalSection
EndGlobal
